
Microsoft Visual Studio Solution File, Format Version 12.00
# Visual Studio Version 17
VisualStudioVersion = 17.7.34024.191
MinimumVisualStudioVersion = 10.0.40219.1
Project("{FAE04EC0-301F-11D3-BF4B-00C04F79EFBC}") = "dbproject", "dbproject\dbproject.csproj", "{FD9D6751-AF5B-4702-97CA-BCD227F7CDE3}"
EndProject
Global
	GlobalSection(SolutionConfigurationPlatforms) = preSolution
		Debug|Any CPU = Debug|Any CPU
		Release|Any CPU = Release|Any CPU
	EndGlobalSection
	GlobalSection(ProjectConfigurationPlatforms) = postSolution
		{FD9D6751-AF5B-4702-97CA-BCD227F7CDE3}.Debug|Any CPU.ActiveCfg = Debug|Any CPU
		{FD9D6751-AF5B-4702-97CA-BCD227F7CDE3}.Debug|Any CPU.Build.0 = Debug|Any CPU
		{FD9D6751-AF5B-4702-97CA-BCD227F7CDE3}.Release|Any CPU.ActiveCfg = Release|Any CPU
		{FD9D6751-AF5B-4702-97CA-BCD227F7CDE3}.Release|Any CPU.Build.0 = Release|Any CPU
	EndGlobalSection
	GlobalSection(SolutionProperties) = preSolution
		HideSolutionNode = FALSE
	EndGlobalSection
	GlobalSection(ExtensibilityGlobals) = postSolution
		SolutionGuid = {956C87F2-FA17-47EE-989A-BC0096CD5FCD}
	EndGlobalSection
EndGlobal
